cloud.google.com/go/compute/metadata v0.5.0 h1:Zr0eK8JbFv6+Wi4ilXAR8FJ3wyNdpxHKJNPos6LTZOY=
cloud.google.com/go/compute/metadata v0.5.0/go.mod h1:aHnloV2TPI38yx4s9+wAZhHykWvVCfu7hQbF+9CWoiY=
github.com/davecgh/go-spew v1.1.1 h1:vj9j/u1bqnvCEfJOwUhtlOARqs3+rkHYY13jYWTU97c=
github.com/davecgh/go-spew v1.1.1/go.mod h1:J7Y8YcW2NihsgmVo/mv3lAwl/skON4iLHjSsI+c5H38=
github.com/go-chi/chi/v5 v5.0.12 h1:9euLV5sTrTNTRUU9POmDUvfxyj6LAABLUcEWO+JJb4s=
github.com/go-chi/chi/v5 v5.0.12/go.mod h1:DslCQbL2OYiznFReuXYUmQ2hGd1aDpCnlMNITLSKoi8=
github.com/google/uuid v1.6.0 h1:NIvaJDMOsjHA8n1jAhLSgzrAzy1Hgr+hNrb57e+94F0=
github.com/google/uuid v1.6.0/go.mod h1:TIyPZe4MgqvfeYDBFedMoGGpEw/LqOeaOT+nhxU+yHo=
github.com/mattn/go-sqlite3 v1.14.17 h1:mCRHCLDUBXgpKAqIKsaAaAsrAlbkeomtRFKXh2L6YIM=
github.com/mattn/go-sqlite3 v1.14.17/go.mod h1:2eHXhiwb8IkHr+BDWZGa96P6+rkvnG63S2DGjv9HUNg=
github.com/pmezard/go-difflib v1.0.0 h1:4DBwDE0NGyQoBHbLQYPwSUPoCMWR5BEzIk/f1lZbAQM=
github.com/pmezard/go-difflib v1.0.0/go.mod h1:iKH77koFhYxTK1pcRnkKkqfTogsbg7gZNVY4sRDYZ/4=
github.com/rs/cors v1.11.0 h1:0B9GE/r9Bc2UxRMMtymBkHTenPkHDv0CW4Y98GBY+po=
github.com/rs/cors v1.11.0/go.mod h1:XyqrcTp5zjWr1wsJ8PIRZssZ8b/WMcMf71DJnit4EMU=
github.com/stretchr/testify v1.9.0 h1:HtqpIVDClZ4nwg75+f6Lvsy/wHu+3BoSGCbBAcpTsTg=
github.com/stretchr/testify v1.9.0/go.mod h1:r2ic/lqez/lEtzL7wO/rwa5dbSLXVDPFyf8C91i36aY=
github.com/ztkent/go-nps v1.0.4 h1:mgqr627fIiVC4mVj3G5BfK4th55mLiVJAHMTGKNAqGY=
github.com/ztkent/go-nps v1.0.4/go.mod h1:1GttcmVa2BRkIOcmykDl1fYdnj+PS8IEz2IjDgYz6r4=
github.com/ztkent/replay v1.0.2 h1:E+qzWAGVVrkrtJoy1gKLYGwgalxSabrkvNQdT6UF0vY=
github.com/ztkent/replay v1.0.2/go.mod h1:m0kCQ+o9BOtw3+ARbiQ32Oc9/8L9DdGKy/Be7inLf88=
golang.org/x/oauth2 v0.30.0 h1:dnDm7JmhM45NNpd8FDDeLhK6FwqbOf4MLCM9zb1BOHI=
golang.org/x/oauth2 v0.30.0/go.mod h1:B++QgG3ZKulg6sRPGD/mqlHQs5rB3Ml9erfeDY7xKlU=
golang.org/x/sys v0.25.0 h1:r+8e+loiHxRqhXVl6ML1nO3l1+oFoWbnlu2Ehimmi34=
golang.org/x/sys v0.25.0/go.mod h1:/VUhepiaJMQUp4+oa/7Zr1D23ma6VTLIYjOOTFZPUcA=
gopkg.in/yaml.v3 v3.0.1 h1:fxVm/GzAzEWqLHuvctI91KS9hhNmmWOoWu0XTYJS7CA=
gopkg.in/yaml.v3 v3.0.1/go.mod h1:K4uyk7z7BCEPqu6E+C64Yfv1cQ7kz7rIZviUmN+EgEM=
